// !$*UTF8*$!
{
	archiveVersion = 1;
	classes = {
	};
	objectVersion = 56;
	objects = {

/* Begin PBXBuildFile section */
		52578B862B011F2900ADFF62 /* AppDelegate.swift in Sources */ = {isa = PBXBuildFile; fileRef = 52578B852B011F2900ADFF62 /* AppDelegate.swift */; };
		52578B882B011F2900ADFF62 /* SceneDelegate.swift in Sources */ = {isa = PBXBuildFile; fileRef = 52578B872B011F2900ADFF62 /* SceneDelegate.swift */; };
		52578B8A2B011F2900ADFF62 /* ViewController.swift in Sources */ = {isa = PBXBuildFile; fileRef = 52578B892B011F2900ADFF62 /* ViewController.swift */; };
		52578B8D2B011F2900ADFF62 /* Main.storyboard in Resources */ = {isa = PBXBuildFile; fileRef = 52578B8B2B011F2900ADFF62 /* Main.storyboard */; };
		52578B902B011F2900ADFF62 /* dolapUygulamasi.xcdatamodeld in Sources */ = {isa = PBXBuildFile; fileRef = 52578B8E2B011F2900ADFF62 /* dolapUygulamasi.xcdatamodeld */; };
		52578B922B011F2B00ADFF62 /* Assets.xcassets in Resources */ = {isa = PBXBuildFile; fileRef = 52578B912B011F2B00ADFF62 /* Assets.xcassets */; };
		52578B952B011F2B00ADFF62 /* LaunchScreen.storyboard in Resources */ = {isa = PBXBuildFile; fileRef = 52578B932B011F2B00ADFF62 /* LaunchScreen.storyboard */; };
		52578B9D2B0122AF00ADFF62 /* DetailsViewController.swift in Sources */ = {isa = PBXBuildFile; fileRef = 52578B9C2B0122AF00ADFF62 /* DetailsViewController.swift */; };
/* End PBXBuildFile section */

/* Begin PBXFileReference section */
		52578B822B011F2900ADFF62 /* dolapUygulamasi.app */ = {isa = PBXFileReference; explicitFileType = wrapper.application; includeInIndex = 0; path = dolapUygulamasi.app; sourceTree = BUILT_PRODUCTS_DIR; };
		52578B852B011F2900ADFF62 /* AppDelegate.swift */ = {isa = PBXFileReference; lastKnownFileType = sourcecode.swift; path = AppDelegate.swift; sourceTree = "<group>"; };
		52578B872B011F2900ADFF62 /* SceneDelegate.swift */ = {isa = PBXFileReference; lastKnownFileType = sourcecode.swift; path = SceneDelegate.swift; sourceTree = "<group>"; };
		52578B892B011F2900ADFF62 /* ViewController.swift */ = {isa = PBXFileReference; lastKnownFileType = sourcecode.swift; path = ViewController.swift; sourceTree = "<group>"; };
		52578B8C2B011F2900ADFF62 /* Base */ = {isa = PBXFileReference; lastKnownFileType = file.storyboard; name = Base; path = Base.lproj/Main.storyboard; sourceTree = "<group>"; };
		52578B8F2B011F2900ADFF62 /* dolapUygulamasi.xcdatamodel */ = {isa = PBXFileReference; lastKnownFileType = wrapper.xcdatamodel; path = dolapUygulamasi.xcdatamodel; sourceTree = "<group>"; };
		52578B912B011F2B00ADFF62 /* Assets.xcassets */ = {isa = PBXFileReference; lastKnownFileType = folder.assetcatalog; path = Assets.xcassets; sourceTree = "<group>"; };
		52578B942B011F2B00ADFF62 /* Base */ = {isa = PBXFileReference; lastKnownFileType = file.storyboard; name = Base; path = Base.lproj/LaunchScreen.storyboard; sourceTree = "<group>"; };
		52578B962B011F2B00ADFF62 /* Info.plist */ = {isa = PBXFileReference; lastKnownFileType = text.plist.xml; path = Info.plist; sourceTree = "<group>"; };
		52578B9C2B0122AF00ADFF62 /* DetailsViewController.swift */ = {isa = PBXFileReference; lastKnownFileType = sourcecode.swift; path = DetailsViewController.swift; sourceTree = "<group>"; };
/* End PBXFileReference section */

/* Begin PBXFrameworksBuildPhase section */
		52578B7F2B011F2900ADFF62 /* Frameworks */ = {
			isa = PBXFrameworksBuildPhase;
			buildActionMask = 2147483647;
			files = (
			);
			runOnlyForDeploymentPostprocessing = 0;
		};
/* End PBXFrameworksBuildPhase section */

/* Begin PBXGroup section */
		52578B792B011F2900ADFF62 = {
			isa = PBXGroup;
			children = (
				52578B842B011F2900ADFF62 /* dolapUygulamasi */,
				52578B832B011F2900ADFF62 /* Products */,
			);
			sourceTree = "<group>";
		};
		52578B832B011F2900ADFF62 /* Products */ = {
			isa = PBXGroup;
			children = (
				52578B822B011F2900ADFF62 /* dolapUygulamasi.app */,
			);
			name = Products;
			sourceTree = "<group>";
		};
		52578B842B011F2900ADFF62 /* dolapUygulamasi */ = {
			isa = PBXGroup;
			children = (
				52578B852B011F2900ADFF62 /* AppDelegate.swift */,
				52578B872B011F2900ADFF62 /* SceneDelegate.swift */,
				52578B892B011F2900ADFF62 /* ViewController.swift */,
				52578B9C2B0122AF00ADFF62 /* DetailsViewController.swift */,
				52578B8B2B011F2900ADFF62 /* Main.storyboard */,
				52578B912B011F2B00ADFF62 /* Assets.xcassets */,
				52578B932B011F2B00ADFF62 /* LaunchScreen.storyboard */,
				52578B962B011F2B00ADFF62 /* Info.plist */,
				52578B8E2B011F2900ADFF62 /* dolapUygulamasi.xcdatamodeld */,
			);
			path = dolapUygulamasi;
			sourceTree = "<group>";
		};
/* End PBXGroup section */

/* Begin PBXNativeTarget section */
		52578B812B011F2900ADFF62 /* dolapUygulamasi */ = {
			isa = PBXNativeTarget;
			buildConfigurationList = 52578B992B011F2B00ADFF62 /* Build configuration list for PBXNativeTarget "dolapUygulamasi" */;
			buildPhases = (
				52578B7E2B011F2900ADFF62 /* Sources */,
				52578B7F2B011F2900ADFF62 /* Frameworks */,
				52578B802B011F2900ADFF62 /* Resources */,
			);
			buildRules = (
			);
			dependencies = (
			);
			name = dolapUygulamasi;
			productName = dolapUygulamasi;
			productReference = 52578B822B011F2900ADFF62 /* dolapUygulamasi.app */;
			productType = "com.apple.product-type.application";
		};
/* End PBXNativeTarget section */

/* Begin PBXProject section */
		52578B7A2B011F2900ADFF62 /* Project object */ = {
			isa = PBXProject;
			attributes = {
				BuildIndependentTargetsInParallel = 1;
				LastSwiftUpdateCheck = 1420;
				LastUpgradeCheck = 1420;
				TargetAttributes = {
					52578B812B011F2900ADFF62 = {
						CreatedOnToolsVersion = 14.2;
					};
				};
			};
			buildConfigurationList = 52578B7D2B011F2900ADFF62 /* Build configuration list for PBXProject "dolapUygulamasi" */;
			compatibilityVersion = "Xcode 14.0";
			developmentRegion = en;
			hasScannedForEncodings = 0;
			knownRegions = (
				en,
				Base,
			);
			mainGroup = 52578B792B011F2900ADFF62;
			productRefGroup = 52578B832B011F2900ADFF62 /* Products */;
			projectDirPath = "";
			projectRoot = "";
			targets = (
				52578B812B011F2900ADFF62 /* dolapUygulamasi */,
			);
		};
/* End PBXProject section */

/* Begin PBXResourcesBuildPhase section */
		52578B802B011F2900ADFF62 /* Resources */ = {
			isa = PBXResourcesBuildPhase;
			buildActionMask = 2147483647;
			files = (
				52578B952B011F2B00ADFF62 /* LaunchScreen.storyboard in Resources */,
				52578B922B011F2B00ADFF62 /* Assets.xcassets in Resources */,
				52578B8D2B011F2900ADFF62 /* Main.storyboard in Resources */,
			);
			runOnlyForDeploymentPostprocessing = 0;
		};
/* End PBXResourcesBuildPhase section */

/* Begin PBXSourcesBuildPhase section */
		52578B7E2B011F2900ADFF62 /* Sources */ = {
			isa = PBXSourcesBuildPhase;
			buildActionMask = 2147483647;
			files = (
				52578B8A2B011F2900ADFF62 /* ViewController.swift in Sources */,
				52578B902B011F2900ADFF62 /* dolapUygulamasi.xcdatamodeld in Sources */,
				52578B862B011F2900ADFF62 /* AppDelegate.swift in Sources */,
				52578B882B011F2900ADFF62 /* SceneDelegate.swift in Sources */,
				52578B9D2B0122AF00ADFF62 /* DetailsViewController.swift in Sources */,
			);
			runOnlyForDeploymentPostprocessing = 0;
		};
/* End PBXSourcesBuildPhase section */

/* Begin PBXVariantGroup section */
		52578B8B2B011F2900ADFF62 /* Main.storyboard */ = {
			isa = PBXVariantGroup;
			children = (
				52578B8C2B011F2900ADFF62 /* Base */,
			);
			name = Main.storyboard;
			sourceTree = "<group>";
		};
		52578B932B011F2B00ADFF62 /* LaunchScreen.storyboard */ = {
			isa = PBXVariantGroup;
			children = (
				52578B942B011F2B00ADFF62 /* Base */,
			);
			name = LaunchScreen.storyboard;
			sourceTree = "<group>";
		};
/* End PBXVariantGroup section */

/* Begin XCBuildConfiguration section */
		52578B972B011F2B00ADFF62 /* Debug */ = {
			isa = XCBuildConfiguration;
			buildSettings = {
				ALWAYS_SEARCH_USER_PATHS = NO;
				CLANG_ANALYZER_NONNULL = YES;
				CLANG_ANALYZER_NUMBER_OBJECT_CONVERSION = YES_AGGRESSIVE;
				CLANG_CXX_LANGUAGE_STANDARD = "gnu++20";
				CLANG_ENABLE_MODULES = YES;
				CLANG_ENABLE_OBJC_ARC = YES;
				CLANG_ENABLE_OBJC_WEAK = YES;
				CLANG_WARN_BLOCK_CAPTURE_AUTORELEASING = YES;
				CLANG_WARN_BOOL_CONVERSION = YES;
				CLANG_WARN_COMMA = YES;
				CLANG_WARN_CONSTANT_CONVERSION = YES;
				CLANG_WARN_DEPRECATED_OBJC_IMPLEMENTATIONS = YES;
				CLANG_WARN_DIRECT_OBJC_ISA_USAGE = YES_ERROR;
				CLANG_WARN_DOCUMENTATION_COMMENTS = YES;
				CLANG_WARN_EMPTY_BODY = YES;
				CLANG_WARN_ENUM_CONVERSION = YES;
				CLANG_WARN_INFINITE_RECURSION = YES;
				CLANG_WARN_INT_CONVERSION = YES;
				CLANG_WARN_NON_LITERAL_NULL_CONVERSION = YES;
				CLANG_WARN_OBJC_IMPLICIT_RETAIN_SELF = YES;
				CLANG_WARN_OBJC_LITERAL_CONVERSION = YES;
				CLANG_WARN_OBJC_ROOT_CLASS = YES_ERROR;
				CLANG_WARN_QUOTED_INCLUDE_IN_FRAMEWORK_HEADER = YES;
				CLANG_WARN_RANGE_LOOP_ANALYSIS = YES;
				CLANG_WARN_STRICT_PROTOTYPES = YES;
				CLANG_WARN_SUSPICIOUS_MOVE = YES;
				CLANG_WARN_UNGUARDED_AVAILABILITY = YES_AGGRESSIVE;
				CLANG_WARN_UNREACHABLE_CODE = YES;
				CLANG_WARN__DUPLICATE_METHOD_MATCH = YES;
				COPY_PHASE_STRIP = NO;
				DEBUG_INFORMATION_FORMAT = dwarf;
				ENABLE_STRICT_OBJC_MSGSEND = YES;
				ENABLE_TESTABILITY = YES;
				GCC_C_LANGUAGE_STANDARD = gnu11;
				GCC_DYNAMIC_NO_PIC = NO;
				GCC_NO_COMMON_BLOCKS = YES;
				GCC_OPTIMIZATION_LEVEL = 0;
				GCC_PREPROCESSOR_DEFINITIONS = (
					"DEBUG=1",
					"$(inherited)",
				);
				GCC_WARN_64_TO_32_BIT_CONVERSION = YES;
				GCC_WARN_ABOUT_RETURN_TYPE = YES_ERROR;
				GCC_WARN_UNDECLARED_SELECTOR = YES;
				GCC_WARN_UNINITIALIZED_AUTOS = YES_AGGRESSIVE;
				GCC_WARN_UNUSED_FUNCTION = YES;
				GCC_WARN_UNUSED_VARIABLE = YES;
				IPHONEOS_DEPLOYMENT_TARGET = 16.2;
				MTL_ENABLE_DEBUG_INFO = INCLUDE_SOURCE;
				MTL_FAST_MATH = YES;
				ONLY_ACTIVE_ARCH = YES;
				SDKROOT = iphoneos;
				SWIFT_ACTIVE_COMPILATION_CONDITIONS = DEBUG;
				SWIFT_OPTIMIZATION_LEVEL = "-Onone";
			};
			name = Debug;
		};
		52578B982B011F2B00ADFF62 /* Release */ = {
			isa = XCBuildConfiguration;
			buildSettings = {
				ALWAYS_SEARCH_USER_PATHS = NO;
				CLANG_ANALYZER_NONNULL = YES;
				CLANG_ANALYZER_NUMBER_OBJECT_CONVERSION = YES_AGGRESSIVE;
				CLANG_CXX_LANGUAGE_STANDARD = "gnu++20";
				CLANG_ENABLE_MODULES = YES;
				CLANG_ENABLE_OBJC_ARC = YES;
				CLANG_ENABLE_OBJC_WEAK = YES;
				CLANG_WARN_BLOCK_CAPTURE_AUTORELEASING = YES;
				CLANG_WARN_BOOL_CONVERSION = YES;
				CLANG_WARN_COMMA = YES;
				CLANG_WARN_CONSTANT_CONVERSION = YES;
				CLANG_WARN_DEPRECATED_OBJC_IMPLEMENTATIONS = YES;
				CLANG_WARN_DIRECT_OBJC_ISA_USAGE = YES_ERROR;
				CLANG_WARN_DOCUMENTATION_COMMENTS = YES;
				CLANG_WARN_EMPTY_BODY = YES;
				CLANG_WARN_ENUM_CONVERSION = YES;
				CLANG_WARN_INFINITE_RECURSION = YES;
				CLANG_WARN_INT_CONVERSION = YES;
				CLANG_WARN_NON_LITERAL_NULL_CONVERSION = YES;
				CLANG_WARN_OBJC_IMPLICIT_RETAIN_SELF = YES;
				CLANG_WARN_OBJC_LITERAL_CONVERSION = YES;
				CLANG_WARN_OBJC_ROOT_CLASS = YES_ERROR;
				CLANG_WARN_QUOTED_INCLUDE_IN_FRAMEWORK_HEADER = YES;
				CLANG_WARN_RANGE_LOOP_ANALYSIS = YES;
				CLANG_WARN_STRICT_PROTOTYPES = YES;
				CLANG_WARN_SUSPICIOUS_MOVE = YES;
				CLANG_WARN_UNGUARDED_AVAILABILITY = YES_AGGRESSIVE;
				CLANG_WARN_UNREACHABLE_CODE = YES;
				CLANG_WARN__DUPLICATE_METHOD_MATCH = YES;
				COPY_PHASE_STRIP = NO;
				DEBUG_INFORMATION_FORMAT = "dwarf-with-dsym";
				ENABLE_NS_ASSERTIONS = NO;
				ENABLE_STRICT_OBJC_MSGSEND = YES;
				GCC_C_LANGUAGE_STANDARD = gnu11;
				GCC_NO_COMMON_BLOCKS = YES;
				GCC_WARN_64_TO_32_BIT_CONVERSION = YES;
				GCC_WARN_ABOUT_RETURN_TYPE = YES_ERROR;
				GCC_WARN_UNDECLARED_SELECTOR = YES;
				GCC_WARN_UNINITIALIZED_AUTOS = YES_AGGRESSIVE;
				GCC_WARN_UNUSED_FUNCTION = YES;
				GCC_WARN_UNUSED_VARIABLE = YES;
				IPHONEOS_DEPLOYMENT_TARGET = 16.2;
				MTL_ENABLE_DEBUG_INFO = NO;
				MTL_FAST_MATH = YES;
				SDKROOT = iphoneos;
				SWIFT_COMPILATION_MODE = wholemodule;
				SWIFT_OPTIMIZATION_LEVEL = "-O";
				VALIDATE_PRODUCT = YES;
			};
			name = Release;
		};
		52578B9A2B011F2B00ADFF62 /* Debug */ = {
			isa = XCBuildConfiguration;
			buildSettings = {
				ASSETCATALOG_COMPILER_APPICON_NAME = AppIcon;
				ASSETCATALOG_COMPILER_GLOBAL_ACCENT_COLOR_NAME = AccentColor;
				CODE_SIGN_STYLE = Automatic;
				CURRENT_PROJECT_VERSION = 1;
				GENERATE_INFOPLIST_FILE = YES;
				INFOPLIST_FILE = dolapUygulamasi/Info.plist;
				INFOPLIST_KEY_UIApplicationSupportsIndirectInputEvents = YES;
				INFOPLIST_KEY_UILaunchStoryboardName = LaunchScreen;
				INFOPLIST_KEY_UIMainStoryboardFile = Main;
				INFOPLIST_KEY_UISupportedInterfaceOrientations_iPad = "UIInterfaceOrientationPortrait UIInterfaceOrientationPortraitUpsideDown UIInterfaceOrientationLandscapeLeft UIInterfaceOrientationLandscapeRight";
				INFOPLIST_KEY_UISupportedInterfaceOrientations_iPhone = "UIInterfaceOrientationPortrait UIInterfaceOrientationLandscapeLeft UIInterfaceOrientationLandscapeRight";
				LD_RUNPATH_SEARCH_PATHS = (
					"$(inherited)",
					"@executable_path/Frameworks",
				);
				MARKETING_VERSION = 1.0;
				PRODUCT_BUNDLE_IDENTIFIER = com.busra.dolapUygulamasi;
				PRODUCT_NAME = "$(TARGET_NAME)";
				SWIFT_EMIT_LOC_STRINGS = YES;
				SWIFT_VERSION = 5.0;
				TARGETED_DEVICE_FAMILY = "1,2";
			};
			name = Debug;
		};
		52578B9B2B011F2B00ADFF62 /* Release */ = {
			isa = XCBuildConfiguration;
			buildSettings = {
				ASSETCATALOG_COMPILER_APPICON_NAME = AppIcon;
				ASSETCATALOG_COMPILER_GLOBAL_ACCENT_COLOR_NAME = AccentColor;
				CODE_SIGN_STYLE = Automatic;
				CURRENT_PROJECT_VERSION = 1;
				GENERATE_INFOPLIST_FILE = YES;
				INFOPLIST_FILE = dolapUygulamasi/Info.plist;
				INFOPLIST_KEY_UIApplicationSupportsIndirectInputEvents = YES;
				INFOPLIST_KEY_UILaunchStoryboardName = LaunchScreen;
				INFOPLIST_KEY_UIMainStoryboardFile = Main;
				INFOPLIST_KEY_UISupportedInterfaceOrientations_iPad = "UIInterfaceOrientationPortrait UIInterfaceOrientationPortraitUpsideDown UIInterfaceOrientationLandscapeLeft UIInterfaceOrientationLandscapeRight";
				INFOPLIST_KEY_UISupportedInterfaceOrientations_iPhone = "UIInterfaceOrientationPortrait UIInterfaceOrientationLandscapeLeft UIInterfaceOrientationLandscapeRight";
				LD_RUNPATH_SEARCH_PATHS = (
					"$(inherited)",
					"@executable_path/Frameworks",
				);
				MARKETING_VERSION = 1.0;
				PRODUCT_BUNDLE_IDENTIFIER = com.busra.dolapUygulamasi;
				PRODUCT_NAME = "$(TARGET_NAME)";
				SWIFT_EMIT_LOC_STRINGS = YES;
				SWIFT_VERSION = 5.0;
				TARGETED_DEVICE_FAMILY = "1,2";
			};
			name = Release;
		};
/* End XCBuildConfiguration section */

/* Begin XCConfigurationList section */
		52578B7D2B011F2900ADFF62 /* Build configuration list for PBXProject "dolapUygulamasi" */ = {
			isa = XCConfigurationList;
			buildConfigurations = (
				52578B972B011F2B00ADFF62 /* Debug */,
				52578B982B011F2B00ADFF62 /* Release */,
			);
			defaultConfigurationIsVisible = 0;
			defaultConfigurationName = Release;
		};
		52578B992B011F2B00ADFF62 /* Build configuration list for PBXNativeTarget "dolapUygulamasi" */ = {
			isa = XCConfigurationList;
			buildConfigurations = (
				52578B9A2B011F2B00ADFF62 /* Debug */,
				52578B9B2B011F2B00ADFF62 /* Release */,
			);
			defaultConfigurationIsVisible = 0;
			defaultConfigurationName = Release;
		};
/* End XCConfigurationList section */

/* Begin XCVersionGroup section */
		52578B8E2B011F2900ADFF62 /* dolapUygulamasi.xcdatamodeld */ = {
			isa = XCVersionGroup;
			children = (
				52578B8F2B011F2900ADFF62 /* dolapUygulamasi.xcdatamodel */,
			);
			currentVersion = 52578B8F2B011F2900ADFF62 /* dolapUygulamasi.xcdatamodel */;
			path = dolapUygulamasi.xcdatamodeld;
			sourceTree = "<group>";
			versionGroupType = wrapper.xcdatamodel;
		};
/* End XCVersionGroup section */
	};
	rootObject = 52578B7A2B011F2900ADFF62 /* Project object */;
}
